
Microsoft Visual Studio Solution File, Format Version 12.00
# Visual Studio 14
VisualStudioVersion = 14.0.24720.0
MinimumVisualStudioVersion = 10.0.40219.1
Project("{FAE04EC0-301F-11D3-BF4B-00C04F79EFBC}") = "LemonadeStandProject", "LemonadeStandProject\LemonadeStandProject.csproj", "{30366778-70CA-4759-95CF-78E6D89A786B}"
EndProject
Global
	GlobalSection(SolutionConfigurationPlatforms) = preSolution
		Debug|Any CPU = Debug|Any CPU
		Release|Any CPU = Release|Any CPU
	EndGlobalSection
	GlobalSection(ProjectConfigurationPlatforms) = postSolution
		{30366778-70CA-4759-95CF-78E6D89A786B}.Debug|Any CPU.ActiveCfg = Debug|Any CPU
		{30366778-70CA-4759-95CF-78E6D89A786B}.Debug|Any CPU.Build.0 = Debug|Any CPU
		{30366778-70CA-4759-95CF-78E6D89A786B}.Release|Any CPU.ActiveCfg = Release|Any CPU
		{30366778-70CA-4759-95CF-78E6D89A786B}.Release|Any CPU.Build.0 = Release|Any CPU
	EndGlobalSection
	GlobalSection(SolutionProperties) = preSolution
		HideSolutionNode = FALSE
	EndGlobalSection
EndGlobal
